
Microsoft Visual Studio Solution File, Format Version 12.00
# Visual Studio 15
VisualStudioVersion = 15.0.28010.2036
MinimumVisualStudioVersion = 10.0.40219.1
Project("{FAE04EC0-301F-11D3-BF4B-00C04F79EFBC}") = "CarStoreBot", "CarStoreBot\CarStoreBot.csproj", "{9A3B1235-D47D-4799-8BA5-C6D13C86F6D6}"
EndProject
Global
	GlobalSection(SolutionConfigurationPlatforms) = preSolution
		Debug|Any CPU = Debug|Any CPU
		Release|Any CPU = Release|Any CPU
	EndGlobalSection
	GlobalSection(ProjectConfigurationPlatforms) = postSolution
		{9A3B1235-D47D-4799-8BA5-C6D13C86F6D6}.Debug|Any CPU.ActiveCfg = Debug|Any CPU
		{9A3B1235-D47D-4799-8BA5-C6D13C86F6D6}.Debug|Any CPU.Build.0 = Debug|Any CPU
		{9A3B1235-D47D-4799-8BA5-C6D13C86F6D6}.Release|Any CPU.ActiveCfg = Release|Any CPU
		{9A3B1235-D47D-4799-8BA5-C6D13C86F6D6}.Release|Any CPU.Build.0 = Release|Any CPU
	EndGlobalSection
	GlobalSection(SolutionProperties) = preSolution
		HideSolutionNode = FALSE
	EndGlobalSection
	GlobalSection(ExtensibilityGlobals) = postSolution
		SolutionGuid = {4A3B3989-7D53-41AE-BCB4-63F0C6FED50E}
	EndGlobalSection
EndGlobal
